{
  "name": "@http404/fuus",
  "version": "0.0.1",
  "lockfileVersion": 2,
  "requires": true,
  "packages": {
    "": {
      "name": "@http404/fuus",
      "version": "0.0.1",
      "license": "MIT",
      "dependencies": {
        "@fuus/array": "^0.0.1",
        "@fuus/easing": "^0.0.1",
        "@fuus/main": "^0.0.2",
        "@fuus/number": "^0.0.1",
        "@fuus/random": "^0.0.1",
        "@fuus/string": "^0.0.1"
      }
    },
    "node_modules/@fuus/array": {
      "version": "0.0.1",
      "resolved": "https://registry.npmjs.org/@fuus/array/-/array-0.0.1.tgz",
      "integrity": "sha512-/v2mRwh/1RX4236QrYKHY+QLuJS5EXJj8kuHPqddR/PDHlETNNN6lx/KeyjEv9H1WaYdug0SCiQLGE2JaNG5TA=="
    },
    "node_modules/@fuus/easing": {
      "version": "0.0.1",
      "resolved": "https://registry.npmjs.org/@fuus/easing/-/easing-0.0.1.tgz",
      "integrity": "sha512-1gbJuK7OhUNCqanwwZI4vhu3+eS7fJKSUuUIR+Nxw/Bwt7dvL4umc4WwoweC+Fjp1j6Y6gX7wZhqk62mDcSRCw=="
    },
    "node_modules/@fuus/main": {
      "version": "0.0.2",
      "resolved": "https://registry.npmjs.org/@fuus/main/-/main-0.0.2.tgz",
      "integrity": "sha512-mv9nbxVNqc7CN+JThDLa9YZGH5eOkQR3CT1X2QtyrD80cuNBG1ItAv0h4grj+5Wk2UPMbF2PoMElsoCeRDZapQ=="
    },
    "node_modules/@fuus/number": {
      "version": "0.0.1",
      "resolved": "https://registry.npmjs.org/@fuus/number/-/number-0.0.1.tgz",
      "integrity": "sha512-jSTSAivKiPXlAIP3+ZRzaoPWl+c/RQWMFh7Onb3dmdGJl/UOGa5PvEb62qWxLeDlwlkSGOx1IUumDVFDdIcZFQ=="
    },
    "node_modules/@fuus/random": {
      "version": "0.0.1",
      "resolved": "https://registry.npmjs.org/@fuus/random/-/random-0.0.1.tgz",
      "integrity": "sha512-UaTqmVBi2h07DaHIzioGTRIuQ5Pj5oqpQCf9NaSITH0rfSd7+pQ2KCbdqek9Kb1qJ03DbIGhpqjYj25ffEGAcA=="
    },
    "node_modules/@fuus/string": {
      "version": "0.0.1",
      "resolved": "https://registry.npmjs.org/@fuus/string/-/string-0.0.1.tgz",
      "integrity": "sha512-2MArm2KulBaGnhGFUQ+GYVyfbnvZt/ZDABWZk7z5rtDcSAtkiipnIPr5dgCLzDixHRSvM3sPumSxMwyguIUXYA=="
    }
  },
  "dependencies": {
    "@fuus/array": {
      "version": "0.0.1",
      "resolved": "https://registry.npmjs.org/@fuus/array/-/array-0.0.1.tgz",
      "integrity": "sha512-/v2mRwh/1RX4236QrYKHY+QLuJS5EXJj8kuHPqddR/PDHlETNNN6lx/KeyjEv9H1WaYdug0SCiQLGE2JaNG5TA=="
    },
    "@fuus/easing": {
      "version": "0.0.1",
      "resolved": "https://registry.npmjs.org/@fuus/easing/-/easing-0.0.1.tgz",
      "integrity": "sha512-1gbJuK7OhUNCqanwwZI4vhu3+eS7fJKSUuUIR+Nxw/Bwt7dvL4umc4WwoweC+Fjp1j6Y6gX7wZhqk62mDcSRCw=="
    },
    "@fuus/main": {
      "version": "0.0.2",
      "resolved": "https://registry.npmjs.org/@fuus/main/-/main-0.0.2.tgz",
      "integrity": "sha512-mv9nbxVNqc7CN+JThDLa9YZGH5eOkQR3CT1X2QtyrD80cuNBG1ItAv0h4grj+5Wk2UPMbF2PoMElsoCeRDZapQ=="
    },
    "@fuus/number": {
      "version": "0.0.1",
      "resolved": "https://registry.npmjs.org/@fuus/number/-/number-0.0.1.tgz",
      "integrity": "sha512-jSTSAivKiPXlAIP3+ZRzaoPWl+c/RQWMFh7Onb3dmdGJl/UOGa5PvEb62qWxLeDlwlkSGOx1IUumDVFDdIcZFQ=="
    },
    "@fuus/random": {
      "version": "0.0.1",
      "resolved": "https://registry.npmjs.org/@fuus/random/-/random-0.0.1.tgz",
      "integrity": "sha512-UaTqmVBi2h07DaHIzioGTRIuQ5Pj5oqpQCf9NaSITH0rfSd7+pQ2KCbdqek9Kb1qJ03DbIGhpqjYj25ffEGAcA=="
    },
    "@fuus/string": {
      "version": "0.0.1",
      "resolved": "https://registry.npmjs.org/@fuus/string/-/string-0.0.1.tgz",
      "integrity": "sha512-2MArm2KulBaGnhGFUQ+GYVyfbnvZt/ZDABWZk7z5rtDcSAtkiipnIPr5dgCLzDixHRSvM3sPumSxMwyguIUXYA=="
    }
  }
}
