{
  "name": "commonjs-test",
  "version": "1.0.0",
  "lockfileVersion": 2,
  "requires": true,
  "packages": {
    "": {
      "name": "commonjs-test",
      "version": "1.0.0",
      "dependencies": {
        "@fuus/easing": "^0.0.1"
      }
    },
    "node_modules/@fuus/easing": {
      "version": "0.0.1",
      "resolved": "https://registry.npmjs.org/@fuus/easing/-/easing-0.0.1.tgz",
      "integrity": "sha512-1gbJuK7OhUNCqanwwZI4vhu3+eS7fJKSUuUIR+Nxw/Bwt7dvL4umc4WwoweC+Fjp1j6Y6gX7wZhqk62mDcSRCw=="
    }
  },
  "dependencies": {
    "@fuus/easing": {
      "version": "0.0.1",
      "resolved": "https://registry.npmjs.org/@fuus/easing/-/easing-0.0.1.tgz",
      "integrity": "sha512-1gbJuK7OhUNCqanwwZI4vhu3+eS7fJKSUuUIR+Nxw/Bwt7dvL4umc4WwoweC+Fjp1j6Y6gX7wZhqk62mDcSRCw=="
    }
  }
}
